
Microsoft Visual Studio Solution File, Format Version 12.00
# Visual Studio Version 16
VisualStudioVersion = 16.0.31911.196
MinimumVisualStudioVersion = 10.0.40219.1
Project("{FAE04EC0-301F-11D3-BF4B-00C04F79EFBC}") = "ChatSignalR", "ChatSignalR\ChatSignalR.csproj", "{414DA5DB-3CE3-4118-A9FF-23AC0027E96F}"
EndProject
Global
	GlobalSection(SolutionConfigurationPlatforms) = preSolution
		Debug|Any CPU = Debug|Any CPU
		Release|Any CPU = Release|Any CPU
	EndGlobalSection
	GlobalSection(ProjectConfigurationPlatforms) = postSolution
		{414DA5DB-3CE3-4118-A9FF-23AC0027E96F}.Debug|Any CPU.ActiveCfg = Debug|Any CPU
		{414DA5DB-3CE3-4118-A9FF-23AC0027E96F}.Debug|Any CPU.Build.0 = Debug|Any CPU
		{414DA5DB-3CE3-4118-A9FF-23AC0027E96F}.Release|Any CPU.ActiveCfg = Release|Any CPU
		{414DA5DB-3CE3-4118-A9FF-23AC0027E96F}.Release|Any CPU.Build.0 = Release|Any CPU
	EndGlobalSection
	GlobalSection(SolutionProperties) = preSolution
		HideSolutionNode = FALSE
	EndGlobalSection
	GlobalSection(ExtensibilityGlobals) = postSolution
		SolutionGuid = {EEAAAD65-D517-4929-BFB4-673198038F80}
	EndGlobalSection
EndGlobal
